Microsoft Visual Studio Solution File, Format Version 12.00
# Visual Studio Version 18
VisualStudioVersion = 18.0.11010.61 d18.0
MinimumVisualStudioVersion = 10.0.40219.1
Project("{FAE04EC0-301F-11D3-BF4B-00C04F79EFBC}") = "AspireAppReactApp.AppHost", "AspireAppReactApp.AppHost\AspireAppReactApp.AppHost.csproj", "{16F4CFB2-8C8C-4FCF-9E60-F35F5138BC38}"
EndProject
Project("{FAE04EC0-301F-11D3-BF4B-00C04F79EFBC}") = "AspireAppReactApp.ServiceDefaults", "AspireAppReactApp.ServiceDefaults\AspireAppReactApp.ServiceDefaults.csproj", "{9CD84AE9-B71D-291A-BBF2-6CA3B80628F9}"
EndProject
Project("{FAE04EC0-301F-11D3-BF4B-00C04F79EFBC}") = "AspireAppReactApp.ApiService", "AspireAppReactApp.ApiService\AspireAppReactApp.ApiService.csproj", "{A7DAAB8D-C263-18C3-C109-733220D15AE8}"
EndProject
Project("{FAE04EC0-301F-11D3-BF4B-00C04F79EFBC}") = "AspireAppReactApp.Web", "AspireAppReactApp.Web\AspireAppReactApp.Web.csproj", "{B489183F-F378-7E3A-1145-83DB59DD2C01}"
EndProject
Project("{FAE04EC0-301F-11D3-BF4B-00C04F79EFBC}") = "FunctionApp", "FunctionApp\FunctionApp.csproj", "{F395AC0F-06F0-3117-D0B5-3D72F3C1B925}"
EndProject
Project("{FAE04EC0-301F-11D3-BF4B-00C04F79EFBC}") = "SharedClassLibrary", "SharedClassLibrary\SharedClassLibrary.csproj", "{CAC40B20-0FE1-4710-91D4-87DFD6858589}"
EndProject
Project("{FAE04EC0-301F-11D3-BF4B-00C04F79EFBC}") = "MvcWebApp", "MvcWebApp\MvcWebApp.csproj", "{98DCCA61-3848-967E-E422-1DEDB4CB8569}"
EndProject
Global
	GlobalSection(SolutionConfigurationPlatforms) = preSolution
		Debug|Any CPU = Debug|Any CPU
		Release|Any CPU = Release|Any CPU
	EndGlobalSection
	GlobalSection(ProjectConfigurationPlatforms) = postSolution
		{16F4CFB2-8C8C-4FCF-9E60-F35F5138BC38}.Debug|Any CPU.ActiveCfg = Debug|Any CPU
		{16F4CFB2-8C8C-4FCF-9E60-F35F5138BC38}.Debug|Any CPU.Build.0 = Debug|Any CPU
		{16F4CFB2-8C8C-4FCF-9E60-F35F5138BC38}.Release|Any CPU.ActiveCfg = Release|Any CPU
		{16F4CFB2-8C8C-4FCF-9E60-F35F5138BC38}.Release|Any CPU.Build.0 = Release|Any CPU
		{9CD84AE9-B71D-291A-BBF2-6CA3B80628F9}.Debug|Any CPU.ActiveCfg = Debug|Any CPU
		{9CD84AE9-B71D-291A-BBF2-6CA3B80628F9}.Debug|Any CPU.Build.0 = Debug|Any CPU
		{9CD84AE9-B71D-291A-BBF2-6CA3B80628F9}.Release|Any CPU.ActiveCfg = Release|Any CPU
		{9CD84AE9-B71D-291A-BBF2-6CA3B80628F9}.Release|Any CPU.Build.0 = Release|Any CPU
		{A7DAAB8D-C263-18C3-C109-733220D15AE8}.Debug|Any CPU.ActiveCfg = Debug|Any CPU
		{A7DAAB8D-C263-18C3-C109-733220D15AE8}.Debug|Any CPU.Build.0 = Debug|Any CPU
		{A7DAAB8D-C263-18C3-C109-733220D15AE8}.Release|Any CPU.ActiveCfg = Release|Any CPU
		{A7DAAB8D-C263-18C3-C109-733220D15AE8}.Release|Any CPU.Build.0 = Release|Any CPU
		{B489183F-F378-7E3A-1145-83DB59DD2C01}.Debug|Any CPU.ActiveCfg = Debug|Any CPU
		{B489183F-F378-7E3A-1145-83DB59DD2C01}.Debug|Any CPU.Build.0 = Debug|Any CPU
		{B489183F-F378-7E3A-1145-83DB59DD2C01}.Release|Any CPU.ActiveCfg = Release|Any CPU
		{B489183F-F378-7E3A-1145-83DB59DD2C01}.Release|Any CPU.Build.0 = Release|Any CPU
		{F395AC0F-06F0-3117-D0B5-3D72F3C1B925}.Debug|Any CPU.ActiveCfg = Debug|Any CPU
		{F395AC0F-06F0-3117-D0B5-3D72F3C1B925}.Debug|Any CPU.Build.0 = Debug|Any CPU
		{F395AC0F-06F0-3117-D0B5-3D72F3C1B925}.Release|Any CPU.ActiveCfg = Release|Any CPU
		{F395AC0F-06F0-3117-D0B5-3D72F3C1B925}.Release|Any CPU.Build.0 = Release|Any CPU
		{CAC40B20-0FE1-4710-91D4-87DFD6858589}.Debug|Any CPU.ActiveCfg = Debug|Any CPU
		{CAC40B20-0FE1-4710-91D4-87DFD6858589}.Debug|Any CPU.Build.0 = Debug|Any CPU
		{CAC40B20-0FE1-4710-91D4-87DFD6858589}.Release|Any CPU.ActiveCfg = Release|Any CPU
		{CAC40B20-0FE1-4710-91D4-87DFD6858589}.Release|Any CPU.Build.0 = Release|Any CPU
		{98DCCA61-3848-967E-E422-1DEDB4CB8569}.Debug|Any CPU.ActiveCfg = Debug|Any CPU
		{98DCCA61-3848-967E-E422-1DEDB4CB8569}.Debug|Any CPU.Build.0 = Debug|Any CPU
		{98DCCA61-3848-967E-E422-1DEDB4CB8569}.Release|Any CPU.ActiveCfg = Release|Any CPU
		{98DCCA61-3848-967E-E422-1DEDB4CB8569}.Release|Any CPU.Build.0 = Release|Any CPU
	EndGlobalSection
	GlobalSection(SolutionProperties) = preSolution
		HideSolutionNode = FALSE
	EndGlobalSection
	GlobalSection(ExtensibilityGlobals) = postSolution
		SolutionGuid = {F28C989F-07E8-4370-A0FD-B696419AD4F2}
	EndGlobalSection
EndGlobal
